# THIS IS AN AUTOGENERATED FILE. DO NOT EDIT THIS FILE DIRECTLY.
# yarn lockfile v1


"@types/ramda@^0.0.3":
  version "0.0.3"
  resolved "https://registry.yarnpkg.com/@types/ramda/-/ramda-0.0.3.tgz#683a3437d4446a4d21af473a9286e6950fa777c1"

ramda@^0.23.0:
  version "0.23.0"
  resolved "https://registry.yarnpkg.com/ramda/-/ramda-0.23.0.tgz#ccd13fff73497a93974e3e86327bfd87bd6e8e2b"

typescript@next:
  version "2.3.0-dev.20170224"
  resolved "https://registry.yarnpkg.com/typescript/-/typescript-2.3.0-dev.20170224.tgz#062a2b874bde1dfba6147396188df59994d89332"
